
Microsoft Visual Studio Solution File, Format Version 12.00
Project("{FAE04EC0-301F-11D3-BF4B-00C04F79EFBC}") = "Budget.Web.UI", "Budget.Web.UI\Budget.Web.UI.csproj", "{3035328C-56A3-430F-A856-5C40DDD5CEB6}"
EndProject
Global
	GlobalSection(SolutionConfigurationPlatforms) = preSolution
		Debug|Any CPU = Debug|Any CPU
		Release|Any CPU = Release|Any CPU
	EndGlobalSection
	GlobalSection(ProjectConfigurationPlatforms) = postSolution
		{3035328C-56A3-430F-A856-5C40DDD5CEB6}.Debug|Any CPU.ActiveCfg = Debug|Any CPU
		{3035328C-56A3-430F-A856-5C40DDD5CEB6}.Debug|Any CPU.Build.0 = Debug|Any CPU
		{3035328C-56A3-430F-A856-5C40DDD5CEB6}.Release|Any CPU.ActiveCfg = Release|Any CPU
		{3035328C-56A3-430F-A856-5C40DDD5CEB6}.Release|Any CPU.Build.0 = Release|Any CPU
	EndGlobalSection
EndGlobal
